
Microsoft Visual Studio Solution File, Format Version 12.00
# Visual Studio Version 16
VisualStudioVersion = 16.0.31729.503
MinimumVisualStudioVersion = 10.0.40219.1
Project("{FAE04EC0-301F-11D3-BF4B-00C04F79EFBC}") = "1.1.6", "1.1.6.csproj", "{891CAC0E-D4C8-48C6-BA69-145740ABB748}"
EndProject
Global
	GlobalSection(SolutionConfigurationPlatforms) = preSolution
		Debug|Any CPU = Debug|Any CPU
		Release|Any CPU = Release|Any CPU
	EndGlobalSection
	GlobalSection(ProjectConfigurationPlatforms) = postSolution
		{891CAC0E-D4C8-48C6-BA69-145740ABB748}.Debug|Any CPU.ActiveCfg = Debug|Any CPU
		{891CAC0E-D4C8-48C6-BA69-145740ABB748}.Debug|Any CPU.Build.0 = Debug|Any CPU
		{891CAC0E-D4C8-48C6-BA69-145740ABB748}.Release|Any CPU.ActiveCfg = Release|Any CPU
		{891CAC0E-D4C8-48C6-BA69-145740ABB748}.Release|Any CPU.Build.0 = Release|Any CPU
	EndGlobalSection
	GlobalSection(SolutionProperties) = preSolution
		HideSolutionNode = FALSE
	EndGlobalSection
	GlobalSection(ExtensibilityGlobals) = postSolution
		SolutionGuid = {68834004-D983-4B10-BED9-C87A17A8CA12}
	EndGlobalSection
EndGlobal
