
Microsoft Visual Studio Solution File, Format Version 12.00
# Visual Studio Version 16
VisualStudioVersion = 16.0.31729.503
MinimumVisualStudioVersion = 10.0.40219.1
Project("{FAE04EC0-301F-11D3-BF4B-00C04F79EFBC}") = "3.2.1 Dynamic array", "3.2.1 Dynamic array.csproj", "{0F07A008-A127-435E-A9E9-3D3072887BE6}"
EndProject
Global
	GlobalSection(SolutionConfigurationPlatforms) = preSolution
		Debug|Any CPU = Debug|Any CPU
		Release|Any CPU = Release|Any CPU
	EndGlobalSection
	GlobalSection(ProjectConfigurationPlatforms) = postSolution
		{0F07A008-A127-435E-A9E9-3D3072887BE6}.Debug|Any CPU.ActiveCfg = Debug|Any CPU
		{0F07A008-A127-435E-A9E9-3D3072887BE6}.Debug|Any CPU.Build.0 = Debug|Any CPU
		{0F07A008-A127-435E-A9E9-3D3072887BE6}.Release|Any CPU.ActiveCfg = Release|Any CPU
		{0F07A008-A127-435E-A9E9-3D3072887BE6}.Release|Any CPU.Build.0 = Release|Any CPU
	EndGlobalSection
	GlobalSection(SolutionProperties) = preSolution
		HideSolutionNode = FALSE
	EndGlobalSection
	GlobalSection(ExtensibilityGlobals) = postSolution
		SolutionGuid = {BFADF25E-C307-45AA-BA84-39E578B6BAD3}
	EndGlobalSection
EndGlobal
