
Microsoft Visual Studio Solution File, Format Version 12.00
# Visual Studio Version 17
VisualStudioVersion = 17.0.32014.148
MinimumVisualStudioVersion = 10.0.40219.1
Project("{FAE04EC0-301F-11D3-BF4B-00C04F79EFBC}") = "ShapesProgram", "ShapesProgram\ShapesProgram.csproj", "{28404655-14DA-402D-BEE0-1FCE57940EC8}"
EndProject
Global
	GlobalSection(SolutionConfigurationPlatforms) = preSolution
		Debug|Any CPU = Debug|Any CPU
		Release|Any CPU = Release|Any CPU
	EndGlobalSection
	GlobalSection(ProjectConfigurationPlatforms) = postSolution
		{28404655-14DA-402D-BEE0-1FCE57940EC8}.Debug|Any CPU.ActiveCfg = Debug|Any CPU
		{28404655-14DA-402D-BEE0-1FCE57940EC8}.Debug|Any CPU.Build.0 = Debug|Any CPU
		{28404655-14DA-402D-BEE0-1FCE57940EC8}.Release|Any CPU.ActiveCfg = Release|Any CPU
		{28404655-14DA-402D-BEE0-1FCE57940EC8}.Release|Any CPU.Build.0 = Release|Any CPU
	EndGlobalSection
	GlobalSection(SolutionProperties) = preSolution
		HideSolutionNode = FALSE
	EndGlobalSection
	GlobalSection(ExtensibilityGlobals) = postSolution
		SolutionGuid = {FED41B9A-487F-40C3-B0B4-9FA236891028}
	EndGlobalSection
EndGlobal
