
Microsoft Visual Studio Solution File, Format Version 12.00
# Visual Studio Version 16
VisualStudioVersion = 16.0.31729.503
MinimumVisualStudioVersion = 10.0.40219.1
Project("{FAE04EC0-301F-11D3-BF4B-00C04F79EFBC}") = "1.1.3 Another triangle", "1.1.3 Another triangle.csproj", "{883CCBB6-3267-47CD-8622-E2D43D5D28A0}"
EndProject
Global
	GlobalSection(SolutionConfigurationPlatforms) = preSolution
		Debug|Any CPU = Debug|Any CPU
		Release|Any CPU = Release|Any CPU
	EndGlobalSection
	GlobalSection(ProjectConfigurationPlatforms) = postSolution
		{883CCBB6-3267-47CD-8622-E2D43D5D28A0}.Debug|Any CPU.ActiveCfg = Debug|Any CPU
		{883CCBB6-3267-47CD-8622-E2D43D5D28A0}.Debug|Any CPU.Build.0 = Debug|Any CPU
		{883CCBB6-3267-47CD-8622-E2D43D5D28A0}.Release|Any CPU.ActiveCfg = Release|Any CPU
		{883CCBB6-3267-47CD-8622-E2D43D5D28A0}.Release|Any CPU.Build.0 = Release|Any CPU
	EndGlobalSection
	GlobalSection(SolutionProperties) = preSolution
		HideSolutionNode = FALSE
	EndGlobalSection
	GlobalSection(ExtensibilityGlobals) = postSolution
		SolutionGuid = {006933E8-35A2-4814-B4A7-02EB171626C6}
	EndGlobalSection
EndGlobal
